// !$*UTF8*$!
{
	archiveVersion = 1;
	classes = {
	};
	objectVersion = 46;
	objects = {

/* Begin PBXBuildFile section */
		D4456A4B1D7673C800AE7972 /* main.m in Sources */ = {isa = PBXBuildFile; fileRef = D4456A4A1D7673C800AE7972 /* main.m */; };
		D4456A4E1D7673C800AE7972 /* AppDelegate.m in Sources */ = {isa = PBXBuildFile; fileRef = D4456A4D1D7673C800AE7972 /* AppDelegate.m */; };
		D4456A511D7673C800AE7972 /* ViewController.m in Sources */ = {isa = PBXBuildFile; fileRef = D4456A501D7673C800AE7972 /* ViewController.m */; };
		D4456A541D7673C800AE7972 /* Main.storyboard in Resources */ = {isa = PBXBuildFile; fileRef = D4456A521D7673C800AE7972 /* Main.storyboard */; };
		D4456A561D7673C800AE7972 /* Assets.xcassets in Resources */ = {isa = PBXBuildFile; fileRef = D4456A551D7673C800AE7972 /* Assets.xcassets */; };
		D4456A591D7673C800AE7972 /* LaunchScreen.storyboard in Resources */ = {isa = PBXBuildFile; fileRef = D4456A571D7673C800AE7972 /* LaunchScreen.storyboard */; };
		D4456A641D7673C800AE7972 /* IconShakeTests.m in Sources */ = {isa = PBXBuildFile; fileRef = D4456A631D7673C800AE7972 /* IconShakeTests.m */; };
		D4456A6F1D7673C800AE7972 /* IconShakeUITests.m in Sources */ = {isa = PBXBuildFile; fileRef = D4456A6E1D7673C800AE7972 /* IconShakeUITests.m */; };
		D4456A7D1D7673EE00AE7972 /* beauty.png in Resources */ = {isa = PBXBuildFile; fileRef = D4456A7C1D7673EE00AE7972 /* beauty.png */; };
/* End PBXBuildFile section */

/* Begin PBXContainerItemProxy section */
		D4456A601D7673C800AE7972 /* PBXContainerItemProxy */ = {
			isa = PBXContainerItemProxy;
			containerPortal = D4456A3E1D7673C800AE7972 /* Project object */;
			proxyType = 1;
			remoteGlobalIDString = D4456A451D7673C800AE7972;
			remoteInfo = IconShake;
		};
		D4456A6B1D7673C800AE7972 /* PBXContainerItemProxy */ = {
			isa = PBXContainerItemProxy;
			containerPortal = D4456A3E1D7673C800AE7972 /* Project object */;
			proxyType = 1;
			remoteGlobalIDString = D4456A451D7673C800AE7972;
			remoteInfo = IconShake;
		};
/* End PBXContainerItemProxy section */

/* Begin PBXFileReference section */
		D4456A461D7673C800AE7972 /* IconShake.app */ = {isa = PBXFileReference; explicitFileType = wrapper.application; includeInIndex = 0; path = IconShake.app; sourceTree = BUILT_PRODUCTS_DIR; };
		D4456A4A1D7673C800AE7972 /* main.m */ = {isa = PBXFileReference; lastKnownFileType = sourcecode.c.objc; path = main.m; sourceTree = "<group>"; };
		D4456A4C1D7673C800AE7972 /* AppDelegate.h */ = {isa = PBXFileReference; lastKnownFileType = sourcecode.c.h; path = AppDelegate.h; sourceTree = "<group>"; };
		D4456A4D1D7673C800AE7972 /* AppDelegate.m */ = {isa = PBXFileReference; lastKnownFileType = sourcecode.c.objc; path = AppDelegate.m; sourceTree = "<group>"; };
		D4456A4F1D7673C800AE7972 /* ViewController.h */ = {isa = PBXFileReference; lastKnownFileType = sourcecode.c.h; path = ViewController.h; sourceTree = "<group>"; };
		D4456A501D7673C800AE7972 /* ViewController.m */ = {isa = PBXFileReference; lastKnownFileType = sourcecode.c.objc; path = ViewController.m; sourceTree = "<group>"; };
		D4456A531D7673C800AE7972 /* Base */ = {isa = PBXFileReference; lastKnownFileType = file.storyboard; name = Base; path = Base.lproj/Main.storyboard; sourceTree = "<group>"; };
		D4456A551D7673C800AE7972 /* Assets.xcassets */ = {isa = PBXFileReference; lastKnownFileType = folder.assetcatalog; path = Assets.xcassets; sourceTree = "<group>"; };
		D4456A581D7673C800AE7972 /* Base */ = {isa = PBXFileReference; lastKnownFileType = file.storyboard; name = Base; path = Base.lproj/LaunchScreen.storyboard; sourceTree = "<group>"; };
		D4456A5A1D7673C800AE7972 /* Info.plist */ = {isa = PBXFileReference; lastKnownFileType = text.plist.xml; path = Info.plist; sourceTree = "<group>"; };
		D4456A5F1D7673C800AE7972 /* IconShakeTests.xctest */ = {isa = PBXFileReference; explicitFileType = wrapper.cfbundle; includeInIndex = 0; path = IconShakeTests.xctest; sourceTree = BUILT_PRODUCTS_DIR; };
		D4456A631D7673C800AE7972 /* IconShakeTests.m */ = {isa = PBXFileReference; lastKnownFileType = sourcecode.c.objc; path = IconShakeTests.m; sourceTree = "<group>"; };
		D4456A651D7673C800AE7972 /* Info.plist */ = {isa = PBXFileReference; lastKnownFileType = text.plist.xml; path = Info.plist; sourceTree = "<group>"; };
		D4456A6A1D7673C800AE7972 /* IconShakeUITests.xctest */ = {isa = PBXFileReference; explicitFileType = wrapper.cfbundle; includeInIndex = 0; path = IconShakeUITests.xctest; sourceTree = BUILT_PRODUCTS_DIR; };
		D4456A6E1D7673C800AE7972 /* IconShakeUITests.m */ = {isa = PBXFileReference; lastKnownFileType = sourcecode.c.objc; path = IconShakeUITests.m; sourceTree = "<group>"; };
		D4456A701D7673C800AE7972 /* Info.plist */ = {isa = PBXFileReference; lastKnownFileType = text.plist.xml; path = Info.plist; sourceTree = "<group>"; };
		D4456A7C1D7673EE00AE7972 /* beauty.png */ = {isa = PBXFileReference; lastKnownFileType = image.png; path = beauty.png; sourceTree = "<group>"; };
/* End PBXFileReference section */

/* Begin PBXFrameworksBuildPhase section */
		D4456A431D7673C800AE7972 /* Frameworks */ = {
			isa = PBXFrameworksBuildPhase;
			buildActionMask = 2147483647;
			files = (
			);
			runOnlyForDeploymentPostprocessing = 0;
		};
		D4456A5C1D7673C800AE7972 /* Frameworks */ = {
			isa = PBXFrameworksBuildPhase;
			buildActionMask = 2147483647;
			files = (
			);
			runOnlyForDeploymentPostprocessing = 0;
		};
		D4456A671D7673C800AE7972 /* Frameworks */ = {
			isa = PBXFrameworksBuildPhase;
			buildActionMask = 2147483647;
			files = (
			);
			runOnlyForDeploymentPostprocessing = 0;
		};
/* End PBXFrameworksBuildPhase section */

/* Begin PBXGroup section */
		D4456A3D1D7673C800AE7972 = {
			isa = PBXGroup;
			children = (
				D4456A481D7673C800AE7972 /* IconShake */,
				D4456A621D7673C800AE7972 /* IconShakeTests */,
				D4456A6D1D7673C800AE7972 /* IconShakeUITests */,
				D4456A471D7673C800AE7972 /* Products */,
			);
			sourceTree = "<group>";
		};
		D4456A471D7673C800AE7972 /* Products */ = {
			isa = PBXGroup;
			children = (
				D4456A461D7673C800AE7972 /* IconShake.app */,
				D4456A5F1D7673C800AE7972 /* IconShakeTests.xctest */,
				D4456A6A1D7673C800AE7972 /* IconShakeUITests.xctest */,
			);
			name = Products;
			sourceTree = "<group>";
		};
		D4456A481D7673C800AE7972 /* IconShake */ = {
			isa = PBXGroup;
			children = (
				D4456A7C1D7673EE00AE7972 /* beauty.png */,
				D4456A4C1D7673C800AE7972 /* AppDelegate.h */,
				D4456A4D1D7673C800AE7972 /* AppDelegate.m */,
				D4456A4F1D7673C800AE7972 /* ViewController.h */,
				D4456A501D7673C800AE7972 /* ViewController.m */,
				D4456A521D7673C800AE7972 /* Main.storyboard */,
				D4456A551D7673C800AE7972 /* Assets.xcassets */,
				D4456A571D7673C800AE7972 /* LaunchScreen.storyboard */,
				D4456A5A1D7673C800AE7972 /* Info.plist */,
				D4456A491D7673C800AE7972 /* Supporting Files */,
			);
			path = IconShake;
			sourceTree = "<group>";
		};
		D4456A491D7673C800AE7972 /* Supporting Files */ = {
			isa = PBXGroup;
			children = (
				D4456A4A1D7673C800AE7972 /* main.m */,
			);
			name = "Supporting Files";
			sourceTree = "<group>";
		};
		D4456A621D7673C800AE7972 /* IconShakeTests */ = {
			isa = PBXGroup;
			children = (
				D4456A631D7673C800AE7972 /* IconShakeTests.m */,
				D4456A651D7673C800AE7972 /* Info.plist */,
			);
			path = IconShakeTests;
			sourceTree = "<group>";
		};
		D4456A6D1D7673C800AE7972 /* IconShakeUITests */ = {
			isa = PBXGroup;
			children = (
				D4456A6E1D7673C800AE7972 /* IconShakeUITests.m */,
				D4456A701D7673C800AE7972 /* Info.plist */,
			);
			path = IconShakeUITests;
			sourceTree = "<group>";
		};
/* End PBXGroup section */

/* Begin PBXNativeTarget section */
		D4456A451D7673C800AE7972 /* IconShake */ = {
			isa = PBXNativeTarget;
			buildConfigurationList = D4456A731D7673C800AE7972 /* Build configuration list for PBXNativeTarget "IconShake" */;
			buildPhases = (
				D4456A421D7673C800AE7972 /* Sources */,
				D4456A431D7673C800AE7972 /* Frameworks */,
				D4456A441D7673C800AE7972 /* Resources */,
			);
			buildRules = (
			);
			dependencies = (
			);
			name = IconShake;
			productName = IconShake;
			productReference = D4456A461D7673C800AE7972 /* IconShake.app */;
			productType = "com.apple.product-type.application";
		};
		D4456A5E1D7673C800AE7972 /* IconShakeTests */ = {
			isa = PBXNativeTarget;
			buildConfigurationList = D4456A761D7673C800AE7972 /* Build configuration list for PBXNativeTarget "IconShakeTests" */;
			buildPhases = (
				D4456A5B1D7673C800AE7972 /* Sources */,
				D4456A5C1D7673C800AE7972 /* Frameworks */,
				D4456A5D1D7673C800AE7972 /* Resources */,
			);
			buildRules = (
			);
			dependencies = (
				D4456A611D7673C800AE7972 /* PBXTargetDependency */,
			);
			name = IconShakeTests;
			productName = IconShakeTests;
			productReference = D4456A5F1D7673C800AE7972 /* IconShakeTests.xctest */;
			productType = "com.apple.product-type.bundle.unit-test";
		};
		D4456A691D7673C800AE7972 /* IconShakeUITests */ = {
			isa = PBXNativeTarget;
			buildConfigurationList = D4456A791D7673C800AE7972 /* Build configuration list for PBXNativeTarget "IconShakeUITests" */;
			buildPhases = (
				D4456A661D7673C800AE7972 /* Sources */,
				D4456A671D7673C800AE7972 /* Frameworks */,
				D4456A681D7673C800AE7972 /* Resources */,
			);
			buildRules = (
			);
			dependencies = (
				D4456A6C1D7673C800AE7972 /* PBXTargetDependency */,
			);
			name = IconShakeUITests;
			productName = IconShakeUITests;
			productReference = D4456A6A1D7673C800AE7972 /* IconShakeUITests.xctest */;
			productType = "com.apple.product-type.bundle.ui-testing";
		};
/* End PBXNativeTarget section */

/* Begin PBXProject section */
		D4456A3E1D7673C800AE7972 /* Project object */ = {
			isa = PBXProject;
			attributes = {
				LastUpgradeCheck = 0730;
				ORGANIZATIONNAME = "李浩";
				TargetAttributes = {
					D4456A451D7673C800AE7972 = {
						CreatedOnToolsVersion = 7.3.1;
						DevelopmentTeam = H6L26YKK9Q;
					};
					D4456A5E1D7673C800AE7972 = {
						CreatedOnToolsVersion = 7.3.1;
						DevelopmentTeam = H6L26YKK9Q;
						TestTargetID = D4456A451D7673C800AE7972;
					};
					D4456A691D7673C800AE7972 = {
						CreatedOnToolsVersion = 7.3.1;
						DevelopmentTeam = H6L26YKK9Q;
						TestTargetID = D4456A451D7673C800AE7972;
					};
				};
			};
			buildConfigurationList = D4456A411D7673C800AE7972 /* Build configuration list for PBXProject "IconShake" */;
			compatibilityVersion = "Xcode 3.2";
			developmentRegion = English;
			hasScannedForEncodings = 0;
			knownRegions = (
				en,
				Base,
			);
			mainGroup = D4456A3D1D7673C800AE7972;
			productRefGroup = D4456A471D7673C800AE7972 /* Products */;
			projectDirPath = "";
			projectRoot = "";
			targets = (
				D4456A451D7673C800AE7972 /* IconShake */,
				D4456A5E1D7673C800AE7972 /* IconShakeTests */,
				D4456A691D7673C800AE7972 /* IconShakeUITests */,
			);
		};
/* End PBXProject section */

/* Begin PBXResourcesBuildPhase section */
		D4456A441D7673C800AE7972 /* Resources */ = {
			isa = PBXResourcesBuildPhase;
			buildActionMask = 2147483647;
			files = (
				D4456A7D1D7673EE00AE7972 /* beauty.png in Resources */,
				D4456A591D7673C800AE7972 /* LaunchScreen.storyboard in Resources */,
				D4456A561D7673C800AE7972 /* Assets.xcassets in Resources */,
				D4456A541D7673C800AE7972 /* Main.storyboard in Resources */,
			);
			runOnlyForDeploymentPostprocessing = 0;
		};
		D4456A5D1D7673C800AE7972 /* Resources */ = {
			isa = PBXResourcesBuildPhase;
			buildActionMask = 2147483647;
			files = (
			);
			runOnlyForDeploymentPostprocessing = 0;
		};
		D4456A681D7673C800AE7972 /* Resources */ = {
			isa = PBXResourcesBuildPhase;
			buildActionMask = 2147483647;
			files = (
			);
			runOnlyForDeploymentPostprocessing = 0;
		};
/* End PBXResourcesBuildPhase section */

/* Begin PBXSourcesBuildPhase section */
		D4456A421D7673C800AE7972 /* Sources */ = {
			isa = PBXSourcesBuildPhase;
			buildActionMask = 2147483647;
			files = (
				D4456A511D7673C800AE7972 /* ViewController.m in Sources */,
				D4456A4E1D7673C800AE7972 /* AppDelegate.m in Sources */,
				D4456A4B1D7673C800AE7972 /* main.m in Sources */,
			);
			runOnlyForDeploymentPostprocessing = 0;
		};
		D4456A5B1D7673C800AE7972 /* Sources */ = {
			isa = PBXSourcesBuildPhase;
			buildActionMask = 2147483647;
			files = (
				D4456A641D7673C800AE7972 /* IconShakeTests.m in Sources */,
			);
			runOnlyForDeploymentPostprocessing = 0;
		};
		D4456A661D7673C800AE7972 /* Sources */ = {
			isa = PBXSourcesBuildPhase;
			buildActionMask = 2147483647;
			files = (
				D4456A6F1D7673C800AE7972 /* IconShakeUITests.m in Sources */,
			);
			runOnlyForDeploymentPostprocessing = 0;
		};
/* End PBXSourcesBuildPhase section */

/* Begin PBXTargetDependency section */
		D4456A611D7673C800AE7972 /* PBXTargetDependency */ = {
			isa = PBXTargetDependency;
			target = D4456A451D7673C800AE7972 /* IconShake */;
			targetProxy = D4456A601D7673C800AE7972 /* PBXContainerItemProxy */;
		};
		D4456A6C1D7673C800AE7972 /* PBXTargetDependency */ = {
			isa = PBXTargetDependency;
			target = D4456A451D7673C800AE7972 /* IconShake */;
			targetProxy = D4456A6B1D7673C800AE7972 /* PBXContainerItemProxy */;
		};
/* End PBXTargetDependency section */

/* Begin PBXVariantGroup section */
		D4456A521D7673C800AE7972 /* Main.storyboard */ = {
			isa = PBXVariantGroup;
			children = (
				D4456A531D7673C800AE7972 /* Base */,
			);
			name = Main.storyboard;
			sourceTree = "<group>";
		};
		D4456A571D7673C800AE7972 /* LaunchScreen.storyboard */ = {
			isa = PBXVariantGroup;
			children = (
				D4456A581D7673C800AE7972 /* Base */,
			);
			name = LaunchScreen.storyboard;
			sourceTree = "<group>";
		};
/* End PBXVariantGroup section */

/* Begin XCBuildConfiguration section */
		D4456A711D7673C800AE7972 /* Debug */ = {
			isa = XCBuildConfiguration;
			buildSettings = {
				ALWAYS_SEARCH_USER_PATHS = NO;
				CLANG_ANALYZER_NONNULL = YES;
				CLANG_CXX_LANGUAGE_STANDARD = "gnu++0x";
				CLANG_CXX_LIBRARY = "libc++";
				CLANG_ENABLE_MODULES = YES;
				CLANG_ENABLE_OBJC_ARC = YES;
				CLANG_WARN_BOOL_CONVERSION = YES;
				CLANG_WARN_CONSTANT_CONVERSION = YES;
				CLANG_WARN_DIRECT_OBJC_ISA_USAGE = YES_ERROR;
				CLANG_WARN_EMPTY_BODY = YES;
				CLANG_WARN_ENUM_CONVERSION = YES;
				CLANG_WARN_INT_CONVERSION = YES;
				CLANG_WARN_OBJC_ROOT_CLASS = YES_ERROR;
				CLANG_WARN_UNREACHABLE_CODE = YES;
				CLANG_WARN__DUPLICATE_METHOD_MATCH = YES;
				"CODE_SIGN_IDENTITY[sdk=iphoneos*]" = "iPhone Developer";
				COPY_PHASE_STRIP = NO;
				DEBUG_INFORMATION_FORMAT = dwarf;
				ENABLE_STRICT_OBJC_MSGSEND = YES;
				ENABLE_TESTABILITY = YES;
				GCC_C_LANGUAGE_STANDARD = gnu99;
				GCC_DYNAMIC_NO_PIC = NO;
				GCC_NO_COMMON_BLOCKS = YES;
				GCC_OPTIMIZATION_LEVEL = 0;
				GCC_PREPROCESSOR_DEFINITIONS = (
					"DEBUG=1",
					"$(inherited)",
				);
				GCC_WARN_64_TO_32_BIT_CONVERSION = YES;
				GCC_WARN_ABOUT_RETURN_TYPE = YES_ERROR;
				GCC_WARN_UNDECLARED_SELECTOR = YES;
				GCC_WARN_UNINITIALIZED_AUTOS = YES_AGGRESSIVE;
				GCC_WARN_UNUSED_FUNCTION = YES;
				GCC_WARN_UNUSED_VARIABLE = YES;
				IPHONEOS_DEPLOYMENT_TARGET = 9.3;
				MTL_ENABLE_DEBUG_INFO = YES;
				ONLY_ACTIVE_ARCH = YES;
				SDKROOT = iphoneos;
			};
			name = Debug;
		};
		D4456A721D7673C800AE7972 /* Release */ = {
			isa = XCBuildConfiguration;
			buildSettings = {
				ALWAYS_SEARCH_USER_PATHS = NO;
				CLANG_ANALYZER_NONNULL = YES;
				CLANG_CXX_LANGUAGE_STANDARD = "gnu++0x";
				CLANG_CXX_LIBRARY = "libc++";
				CLANG_ENABLE_MODULES = YES;
				CLANG_ENABLE_OBJC_ARC = YES;
				CLANG_WARN_BOOL_CONVERSION = YES;
				CLANG_WARN_CONSTANT_CONVERSION = YES;
				CLANG_WARN_DIRECT_OBJC_ISA_USAGE = YES_ERROR;
				CLANG_WARN_EMPTY_BODY = YES;
				CLANG_WARN_ENUM_CONVERSION = YES;
				CLANG_WARN_INT_CONVERSION = YES;
				CLANG_WARN_OBJC_ROOT_CLASS = YES_ERROR;
				CLANG_WARN_UNREACHABLE_CODE = YES;
				CLANG_WARN__DUPLICATE_METHOD_MATCH = YES;
				"CODE_SIGN_IDENTITY[sdk=iphoneos*]" = "iPhone Developer";
				COPY_PHASE_STRIP = NO;
				DEBUG_INFORMATION_FORMAT = "dwarf-with-dsym";
				ENABLE_NS_ASSERTIONS = NO;
				ENABLE_STRICT_OBJC_MSGSEND = YES;
				GCC_C_LANGUAGE_STANDARD = gnu99;
				GCC_NO_COMMON_BLOCKS = YES;
				GCC_WARN_64_TO_32_BIT_CONVERSION = YES;
				GCC_WARN_ABOUT_RETURN_TYPE = YES_ERROR;
				GCC_WARN_UNDECLARED_SELECTOR = YES;
				GCC_WARN_UNINITIALIZED_AUTOS = YES_AGGRESSIVE;
				GCC_WARN_UNUSED_FUNCTION = YES;
				GCC_WARN_UNUSED_VARIABLE = YES;
				IPHONEOS_DEPLOYMENT_TARGET = 9.3;
				MTL_ENABLE_DEBUG_INFO = NO;
				SDKROOT = iphoneos;
				VALIDATE_PRODUCT = YES;
			};
			name = Release;
		};
		D4456A741D7673C800AE7972 /* Debug */ = {
			isa = XCBuildConfiguration;
			buildSettings = {
				ASSETCATALOG_COMPILER_APPICON_NAME = AppIcon;
				INFOPLIST_FILE = IconShake/Info.plist;
				LD_RUNPATH_SEARCH_PATHS = "$(inherited) @executable_path/Frameworks";
				PRODUCT_BUNDLE_IDENTIFIER = LeeHow.IconShake;
				PRODUCT_NAME = "$(TARGET_NAME)";
			};
			name = Debug;
		};
		D4456A751D7673C800AE7972 /* Release */ = {
			isa = XCBuildConfiguration;
			buildSettings = {
				ASSETCATALOG_COMPILER_APPICON_NAME = AppIcon;
				INFOPLIST_FILE = IconShake/Info.plist;
				LD_RUNPATH_SEARCH_PATHS = "$(inherited) @executable_path/Frameworks";
				PRODUCT_BUNDLE_IDENTIFIER = LeeHow.IconShake;
				PRODUCT_NAME = "$(TARGET_NAME)";
			};
			name = Release;
		};
		D4456A771D7673C800AE7972 /* Debug */ = {
			isa = XCBuildConfiguration;
			buildSettings = {
				BUNDLE_LOADER = "$(TEST_HOST)";
				INFOPLIST_FILE = IconShakeTests/Info.plist;
				LD_RUNPATH_SEARCH_PATHS = "$(inherited) @executable_path/Frameworks @loader_path/Frameworks";
				PRODUCT_BUNDLE_IDENTIFIER = LeeHow.IconShakeTests;
				PRODUCT_NAME = "$(TARGET_NAME)";
				TEST_HOST = "$(BUILT_PRODUCTS_DIR)/IconShake.app/IconShake";
			};
			name = Debug;
		};
		D4456A781D7673C800AE7972 /* Release */ = {
			isa = XCBuildConfiguration;
			buildSettings = {
				BUNDLE_LOADER = "$(TEST_HOST)";
				INFOPLIST_FILE = IconShakeTests/Info.plist;
				LD_RUNPATH_SEARCH_PATHS = "$(inherited) @executable_path/Frameworks @loader_path/Frameworks";
				PRODUCT_BUNDLE_IDENTIFIER = LeeHow.IconShakeTests;
				PRODUCT_NAME = "$(TARGET_NAME)";
				TEST_HOST = "$(BUILT_PRODUCTS_DIR)/IconShake.app/IconShake";
			};
			name = Release;
		};
		D4456A7A1D7673C800AE7972 /* Debug */ = {
			isa = XCBuildConfiguration;
			buildSettings = {
				INFOPLIST_FILE = IconShakeUITests/Info.plist;
				LD_RUNPATH_SEARCH_PATHS = "$(inherited) @executable_path/Frameworks @loader_path/Frameworks";
				PRODUCT_BUNDLE_IDENTIFIER = LeeHow.IconShakeUITests;
				PRODUCT_NAME = "$(TARGET_NAME)";
				TEST_TARGET_NAME = IconShake;
			};
			name = Debug;
		};
		D4456A7B1D7673C800AE7972 /* Release */ = {
			isa = XCBuildConfiguration;
			buildSettings = {
				INFOPLIST_FILE = IconShakeUITests/Info.plist;
				LD_RUNPATH_SEARCH_PATHS = "$(inherited) @executable_path/Frameworks @loader_path/Frameworks";
				PRODUCT_BUNDLE_IDENTIFIER = LeeHow.IconShakeUITests;
				PRODUCT_NAME = "$(TARGET_NAME)";
				TEST_TARGET_NAME = IconShake;
			};
			name = Release;
		};
/* End XCBuildConfiguration section */

/* Begin XCConfigurationList section */
		D4456A411D7673C800AE7972 /* Build configuration list for PBXProject "IconShake" */ = {
			isa = XCConfigurationList;
			buildConfigurations = (
				D4456A711D7673C800AE7972 /* Debug */,
				D4456A721D7673C800AE7972 /* Release */,
			);
			defaultConfigurationIsVisible = 0;
			defaultConfigurationName = Release;
		};
		D4456A731D7673C800AE7972 /* Build configuration list for PBXNativeTarget "IconShake" */ = {
			isa = XCConfigurationList;
			buildConfigurations = (
				D4456A741D7673C800AE7972 /* Debug */,
				D4456A751D7673C800AE7972 /* Release */,
			);
			defaultConfigurationIsVisible = 0;
		};
		D4456A761D7673C800AE7972 /* Build configuration list for PBXNativeTarget "IconShakeTests" */ = {
			isa = XCConfigurationList;
			buildConfigurations = (
				D4456A771D7673C800AE7972 /* Debug */,
				D4456A781D7673C800AE7972 /* Release */,
			);
			defaultConfigurationIsVisible = 0;
		};
		D4456A791D7673C800AE7972 /* Build configuration list for PBXNativeTarget "IconShakeUITests" */ = {
			isa = XCConfigurationList;
			buildConfigurations = (
				D4456A7A1D7673C800AE7972 /* Debug */,
				D4456A7B1D7673C800AE7972 /* Release */,
			);
			defaultConfigurationIsVisible = 0;
		};
/* End XCConfigurationList section */
	};
	rootObject = D4456A3E1D7673C800AE7972 /* Project object */;
}
